
Microsoft Visual Studio Solution File, Format Version 12.00
# Visual Studio 15
VisualStudioVersion = 15.0.27130.2024
MinimumVisualStudioVersion = 10.0.40219.1
Project("{FAE04EC0-301F-11D3-BF4B-00C04F79EFBC}") = "hildeshimer", "hildeshimer\hildeshimer.csproj", "{20446578-3F20-4345-9F90-B4D5A7D8FBC8}"
EndProject
Project("{FAE04EC0-301F-11D3-BF4B-00C04F79EFBC}") = "Bl", "Bl\Bl.csproj", "{FA15D940-8073-4864-9393-D54103EBD123}"
EndProject
Project("{FAE04EC0-301F-11D3-BF4B-00C04F79EFBC}") = "Dal", "Dal\Dal.csproj", "{ED4635CC-6B21-4D7C-B628-BF707D884099}"
EndProject
Project("{FAE04EC0-301F-11D3-BF4B-00C04F79EFBC}") = "Dto", "Dto\Dto.csproj", "{43D294EC-BEE3-4709-9377-C84EAAD6E5EB}"
EndProject
Global
	GlobalSection(SolutionConfigurationPlatforms) = preSolution
		Debug|Any CPU = Debug|Any CPU
		Release|Any CPU = Release|Any CPU
	EndGlobalSection
	GlobalSection(ProjectConfigurationPlatforms) = postSolution
		{20446578-3F20-4345-9F90-B4D5A7D8FBC8}.Debug|Any CPU.ActiveCfg = Debug|Any CPU
		{20446578-3F20-4345-9F90-B4D5A7D8FBC8}.Debug|Any CPU.Build.0 = Debug|Any CPU
		{20446578-3F20-4345-9F90-B4D5A7D8FBC8}.Release|Any CPU.ActiveCfg = Release|Any CPU
		{20446578-3F20-4345-9F90-B4D5A7D8FBC8}.Release|Any CPU.Build.0 = Release|Any CPU
		{FA15D940-8073-4864-9393-D54103EBD123}.Debug|Any CPU.ActiveCfg = Debug|Any CPU
		{FA15D940-8073-4864-9393-D54103EBD123}.Debug|Any CPU.Build.0 = Debug|Any CPU
		{FA15D940-8073-4864-9393-D54103EBD123}.Release|Any CPU.ActiveCfg = Release|Any CPU
		{FA15D940-8073-4864-9393-D54103EBD123}.Release|Any CPU.Build.0 = Release|Any CPU
		{ED4635CC-6B21-4D7C-B628-BF707D884099}.Debug|Any CPU.ActiveCfg = Debug|Any CPU
		{ED4635CC-6B21-4D7C-B628-BF707D884099}.Debug|Any CPU.Build.0 = Debug|Any CPU
		{ED4635CC-6B21-4D7C-B628-BF707D884099}.Release|Any CPU.ActiveCfg = Release|Any CPU
		{ED4635CC-6B21-4D7C-B628-BF707D884099}.Release|Any CPU.Build.0 = Release|Any CPU
		{43D294EC-BEE3-4709-9377-C84EAAD6E5EB}.Debug|Any CPU.ActiveCfg = Debug|Any CPU
		{43D294EC-BEE3-4709-9377-C84EAAD6E5EB}.Debug|Any CPU.Build.0 = Debug|Any CPU
		{43D294EC-BEE3-4709-9377-C84EAAD6E5EB}.Release|Any CPU.ActiveCfg = Release|Any CPU
		{43D294EC-BEE3-4709-9377-C84EAAD6E5EB}.Release|Any CPU.Build.0 = Release|Any CPU
	EndGlobalSection
	GlobalSection(SolutionProperties) = preSolution
		HideSolutionNode = FALSE
	EndGlobalSection
	GlobalSection(ExtensibilityGlobals) = postSolution
		SolutionGuid = {AEED82D1-9ACC-46BE-A34A-28F7D6F23D1F}
	EndGlobalSection
EndGlobal
